
Microsoft Visual Studio Solution File, Format Version 12.00
# Visual Studio Version 17
VisualStudioVersion = 17.8.34330.188
MinimumVisualStudioVersion = 10.0.40219.1
Project("{9A19103F-16F7-4668-BE54-9A1E7A4F7556}") = "FrontEndEduc", "FrontEndEduc\FrontEndEduc.csproj", "{2DB6FE6E-EFA8-446F-9EBD-3B17D3CCCF11}"
EndProject
Project("{FAE04EC0-301F-11D3-BF4B-00C04F79EFBC}") = "FrontEndEduc.EntityFrameWork", "FrontEndEduc.EntityFrameWork\FrontEndEduc.EntityFrameWork.csproj", "{90836242-2BF2-4F63-837D-04E3C0081464}"
EndProject
Project("{FAE04EC0-301F-11D3-BF4B-00C04F79EFBC}") = "FrontEndEduc.Domain", "FrontEndEduc.Domain\FrontEndEduc.Domain.csproj", "{34726A4E-3169-461F-82A2-6F1CB629AE7E}"
EndProject
Project("{FAE04EC0-301F-11D3-BF4B-00C04F79EFBC}") = "FrontEndEduc.Application", "FrontEndEduc.Application\FrontEndEduc.Application.csproj", "{E3E5CBC1-E5F1-4708-86A3-0758A67D37E1}"
EndProject
Global
	GlobalSection(SolutionConfigurationPlatforms) = preSolution
		Debug|Any CPU = Debug|Any CPU
		Release|Any CPU = Release|Any CPU
	EndGlobalSection
	GlobalSection(ProjectConfigurationPlatforms) = postSolution
		{2DB6FE6E-EFA8-446F-9EBD-3B17D3CCCF11}.Debug|Any CPU.ActiveCfg = Debug|Any CPU
		{2DB6FE6E-EFA8-446F-9EBD-3B17D3CCCF11}.Debug|Any CPU.Build.0 = Debug|Any CPU
		{2DB6FE6E-EFA8-446F-9EBD-3B17D3CCCF11}.Release|Any CPU.ActiveCfg = Release|Any CPU
		{2DB6FE6E-EFA8-446F-9EBD-3B17D3CCCF11}.Release|Any CPU.Build.0 = Release|Any CPU
		{90836242-2BF2-4F63-837D-04E3C0081464}.Debug|Any CPU.ActiveCfg = Debug|Any CPU
		{90836242-2BF2-4F63-837D-04E3C0081464}.Debug|Any CPU.Build.0 = Debug|Any CPU
		{90836242-2BF2-4F63-837D-04E3C0081464}.Release|Any CPU.ActiveCfg = Release|Any CPU
		{90836242-2BF2-4F63-837D-04E3C0081464}.Release|Any CPU.Build.0 = Release|Any CPU
		{34726A4E-3169-461F-82A2-6F1CB629AE7E}.Debug|Any CPU.ActiveCfg = Debug|Any CPU
		{34726A4E-3169-461F-82A2-6F1CB629AE7E}.Debug|Any CPU.Build.0 = Debug|Any CPU
		{34726A4E-3169-461F-82A2-6F1CB629AE7E}.Release|Any CPU.ActiveCfg = Release|Any CPU
		{34726A4E-3169-461F-82A2-6F1CB629AE7E}.Release|Any CPU.Build.0 = Release|Any CPU
		{E3E5CBC1-E5F1-4708-86A3-0758A67D37E1}.Debug|Any CPU.ActiveCfg = Debug|Any CPU
		{E3E5CBC1-E5F1-4708-86A3-0758A67D37E1}.Debug|Any CPU.Build.0 = Debug|Any CPU
		{E3E5CBC1-E5F1-4708-86A3-0758A67D37E1}.Release|Any CPU.ActiveCfg = Release|Any CPU
		{E3E5CBC1-E5F1-4708-86A3-0758A67D37E1}.Release|Any CPU.Build.0 = Release|Any CPU
	EndGlobalSection
	GlobalSection(SolutionProperties) = preSolution
		HideSolutionNode = FALSE
	EndGlobalSection
	GlobalSection(ExtensibilityGlobals) = postSolution
		SolutionGuid = {A2FF8B19-8F2F-46EF-9B7C-A7BB213B8259}
	EndGlobalSection
EndGlobal
